
Microsoft Visual Studio Solution File, Format Version 12.00
# Visual Studio 2013
VisualStudioVersion = 12.0.31101.0
MinimumVisualStudioVersion = 10.0.40219.1
Project("{00D1A9C2-B5F0-4AF3-8072-F6C62B433612}") = "SQLServer2014DatabaseDevelopment", "SQLServer2014DatabaseDevelopment\SQLServer2014DatabaseDevelopment.sqlproj", "{8702F58D-0F21-4C95-9BB0-E80A1BE7A2AA}"
EndProject
Global
	GlobalSection(SolutionConfigurationPlatforms) = preSolution
		Debug|Any CPU = Debug|Any CPU
		Release|Any CPU = Release|Any CPU
	EndGlobalSection
	GlobalSection(ProjectConfigurationPlatforms) = postSolution
		{8702F58D-0F21-4C95-9BB0-E80A1BE7A2AA}.Debug|Any CPU.ActiveCfg = Debug|Any CPU
		{8702F58D-0F21-4C95-9BB0-E80A1BE7A2AA}.Debug|Any CPU.Build.0 = Debug|Any CPU
		{8702F58D-0F21-4C95-9BB0-E80A1BE7A2AA}.Debug|Any CPU.Deploy.0 = Debug|Any CPU
		{8702F58D-0F21-4C95-9BB0-E80A1BE7A2AA}.Release|Any CPU.ActiveCfg = Release|Any CPU
		{8702F58D-0F21-4C95-9BB0-E80A1BE7A2AA}.Release|Any CPU.Build.0 = Release|Any CPU
		{8702F58D-0F21-4C95-9BB0-E80A1BE7A2AA}.Release|Any CPU.Deploy.0 = Release|Any CPU
	EndGlobalSection
	GlobalSection(SolutionProperties) = preSolution
		HideSolutionNode = FALSE
	EndGlobalSection
EndGlobal
